// !$*UTF8*$!
{
	archiveVersion = 1;
	classes = {
	};
	objectVersion = 56;
	objects = {

/* Begin PBXBuildFile section */
		BB10BA4C29102DD900B57CF5 /* ChatMessageModel.swift in Sources */ = {isa = PBXBuildFile; fileRef = BB10BA4B29102DD900B57CF5 /* ChatMessageModel.swift */; };
		BB10BA4F29102E2F00B57CF5 /* Enums+structs.swift in Sources */ = {isa = PBXBuildFile; fileRef = BB10BA4E29102E2F00B57CF5 /* Enums+structs.swift */; };
		BB19A677288967D50042AA65 /* CloudKitManager.swift in Sources */ = {isa = PBXBuildFile; fileRef = BB19A676288967D50042AA65 /* CloudKitManager.swift */; };
		BB1B8791290F211600F1030C /* MessageView.swift in Sources */ = {isa = PBXBuildFile; fileRef = BB1B8790290F211600F1030C /* MessageView.swift */; };
		BB34BAC728848E3100636BE5 /* SecureInputView.swift in Sources */ = {isa = PBXBuildFile; fileRef = BB34BAC628848E3100636BE5 /* SecureInputView.swift */; };
		BB34BAC92884A52D00636BE5 /* Character.swift in Sources */ = {isa = PBXBuildFile; fileRef = BB34BAC82884A52D00636BE5 /* Character.swift */; };
		BB34FB0329186108004D5AB6 /* PostView.swift in Sources */ = {isa = PBXBuildFile; fileRef = BB34FB0229186108004D5AB6 /* PostView.swift */; };
		BB34FB0529186174004D5AB6 /* PostViewModel.swift in Sources */ = {isa = PBXBuildFile; fileRef = BB34FB0429186174004D5AB6 /* PostViewModel.swift */; };
		BB3CAA86290EE27000180E9B /* ChatView.swift in Sources */ = {isa = PBXBuildFile; fileRef = BB3CAA85290EE27000180E9B /* ChatView.swift */; };
		BB3CAA88290EE28B00180E9B /* ChatViewModel.swift in Sources */ = {isa = PBXBuildFile; fileRef = BB3CAA87290EE28B00180E9B /* ChatViewModel.swift */; };
		BB3E64E2291D699D0054916C /* TestUser.swift in Sources */ = {isa = PBXBuildFile; fileRef = BB3E64E1291D699D0054916C /* TestUser.swift */; };
		BB4AFAAE28915606003407FB /* MainScreenView.swift in Sources */ = {isa = PBXBuildFile; fileRef = BB4AFAAD28915606003407FB /* MainScreenView.swift */; };
		BB4AFAB328915889003407FB /* DirectView.swift in Sources */ = {isa = PBXBuildFile; fileRef = BB4AFAB228915889003407FB /* DirectView.swift */; };
		BB4AFAB8289158AE003407FB /* PrivateProfileView.swift in Sources */ = {isa = PBXBuildFile; fileRef = BB4AFAB7289158AE003407FB /* PrivateProfileView.swift */; };
		BB5E1BE82919510C00A740D5 /* PostsFeed.swift in Sources */ = {isa = PBXBuildFile; fileRef = BB5E1BE72919510C00A740D5 /* PostsFeed.swift */; };
		BB6F2D4228CF50DD00B901BE /* ProfileSettingsView.swift in Sources */ = {isa = PBXBuildFile; fileRef = BB6F2D4128CF50DD00B901BE /* ProfileSettingsView.swift */; };
		BB6F2D4528CF549000B901BE /* ImagePicker.swift in Sources */ = {isa = PBXBuildFile; fileRef = BB6F2D4428CF549000B901BE /* ImagePicker.swift */; };
		BB7346372892BBFA00E07487 /* PrivateProfileViewModel.swift in Sources */ = {isa = PBXBuildFile; fileRef = BB7346362892BBFA00E07487 /* PrivateProfileViewModel.swift */; };
		BB73463E2892C23000E07487 /* AvatarImageService.swift in Sources */ = {isa = PBXBuildFile; fileRef = BB73463D2892C23000E07487 /* AvatarImageService.swift */; };
		BB7346402893054500E07487 /* CacheManager.swift in Sources */ = {isa = PBXBuildFile; fileRef = BB73463F2893054500E07487 /* CacheManager.swift */; };
		BB7346422893066400E07487 /* FileManager.swift in Sources */ = {isa = PBXBuildFile; fileRef = BB7346412893066400E07487 /* FileManager.swift */; };
		BB81459028CE09FF00B35A5D /* UserInfoService.swift in Sources */ = {isa = PBXBuildFile; fileRef = BB81458F28CE09FF00B35A5D /* UserInfoService.swift */; };
		BB81459228CE0D1300B35A5D /* LoadingAnimation.swift in Sources */ = {isa = PBXBuildFile; fileRef = BB81459128CE0D1300B35A5D /* LoadingAnimation.swift */; };
		BB8E8B39291EB13100BB226D /* Date.swift in Sources */ = {isa = PBXBuildFile; fileRef = BB8E8B38291EB13100BB226D /* Date.swift */; };
		BB8F9A4828F2F840009101FB /* PersonalInfoViewModel.swift in Sources */ = {isa = PBXBuildFile; fileRef = BB8F9A4728F2F840009101FB /* PersonalInfoViewModel.swift */; };
		BB8F9A4A28F2F8DC009101FB /* PresonalInfoPage.swift in Sources */ = {isa = PBXBuildFile; fileRef = BB8F9A4928F2F8DC009101FB /* PresonalInfoPage.swift */; };
		BB9067FD2888137400962B21 /* HomeView.swift in Sources */ = {isa = PBXBuildFile; fileRef = BB9067FC2888137400962B21 /* HomeView.swift */; };
		BB9068012888194A00962B21 /* LogInAndOutManager.swift in Sources */ = {isa = PBXBuildFile; fileRef = BB9068002888194A00962B21 /* LogInAndOutManager.swift */; };
		BB90680428881A5F00962B21 /* HomeViewModel.swift in Sources */ = {isa = PBXBuildFile; fileRef = BB90680328881A5F00962B21 /* HomeViewModel.swift */; };
		BB97C117291AB60B002BB141 /* PrivacyAndSecurityPage.swift in Sources */ = {isa = PBXBuildFile; fileRef = BB97C116291AB60B002BB141 /* PrivacyAndSecurityPage.swift */; };
		BB97C11E291AD758002BB141 /* PublicProfileView.swift in Sources */ = {isa = PBXBuildFile; fileRef = BB97C11D291AD758002BB141 /* PublicProfileView.swift */; };
		BB97C120291AD78A002BB141 /* PublicProfileViewModel.swift in Sources */ = {isa = PBXBuildFile; fileRef = BB97C11F291AD78A002BB141 /* PublicProfileViewModel.swift */; };
		BBA71B952883024A0089D613 /* String.swift in Sources */ = {isa = PBXBuildFile; fileRef = BBA71B942883024A0089D613 /* String.swift */; };
		BBA71B97288307390089D613 /* UIApplication.swift in Sources */ = {isa = PBXBuildFile; fileRef = BBA71B96288307390089D613 /* UIApplication.swift */; };
		BBA7CC24288711EF008EDEFA /* LaunchView.swift in Sources */ = {isa = PBXBuildFile; fileRef = BBA7CC23288711EF008EDEFA /* LaunchView.swift */; };
		BBA7CC26288714FD008EDEFA /* LaunchScreen.storyboard in Resources */ = {isa = PBXBuildFile; fileRef = BBA7CC25288714FD008EDEFA /* LaunchScreen.storyboard */; };
		BBBBF0AE28D1EF0F00FF7C65 /* DirectViewModel.swift in Sources */ = {isa = PBXBuildFile; fileRef = BBBBF0AD28D1EF0F00FF7C65 /* DirectViewModel.swift */; };
		BBBBF0B028D202B500FF7C65 /* ChatRowModel.swift in Sources */ = {isa = PBXBuildFile; fileRef = BBBBF0AF28D202B500FF7C65 /* ChatRowModel.swift */; };
		BBBBF0B428D22CC100FF7C65 /* ChatModelService.swift in Sources */ = {isa = PBXBuildFile; fileRef = BBBBF0B328D22CC100FF7C65 /* ChatModelService.swift */; };
		BBBD05A7288454E200F18140 /* NamePageView.swift in Sources */ = {isa = PBXBuildFile; fileRef = BBBD05A6288454E200F18140 /* NamePageView.swift */; };
		BBBD05A92884556B00F18140 /* SignUpEmailPageView.swift in Sources */ = {isa = PBXBuildFile; fileRef = BBBD05A82884556B00F18140 /* SignUpEmailPageView.swift */; };
		BBBD05AB288455FE00F18140 /* NicknamePageView.swift in Sources */ = {isa = PBXBuildFile; fileRef = BBBD05AA288455FE00F18140 /* NicknamePageView.swift */; };
		BBBD05AD2884563800F18140 /* CreatePasswordPageView.swift in Sources */ = {isa = PBXBuildFile; fileRef = BBBD05AC2884563800F18140 /* CreatePasswordPageView.swift */; };
		BBBD05B1288459B200F18140 /* PasswordStrengthView.swift in Sources */ = {isa = PBXBuildFile; fileRef = BBBD05B0288459B200F18140 /* PasswordStrengthView.swift */; };
		BBC36EE228D0DD2E008D983B /* ForgotPasswordViewModel.swift in Sources */ = {isa = PBXBuildFile; fileRef = BBC36EE128D0DD2E008D983B /* ForgotPasswordViewModel.swift */; };
		BBC36EE428D0E810008D983B /* ForgotPasswordEmailPageView.swift in Sources */ = {isa = PBXBuildFile; fileRef = BBC36EE328D0E810008D983B /* ForgotPasswordEmailPageView.swift */; };
		BBC36EE628D0FA51008D983B /* ForgotPasswordCreatePasswordPageView.swift in Sources */ = {isa = PBXBuildFile; fileRef = BBC36EE528D0FA51008D983B /* ForgotPasswordCreatePasswordPageView.swift */; };
		BBCD2B4628D2645F00C7E32A /* ProfileImageView.swift in Sources */ = {isa = PBXBuildFile; fileRef = BBCD2B4528D2645F00C7E32A /* ProfileImageView.swift */; };
		BBCD2B4828D2646A00C7E32A /* ProfileImageViewModel.swift in Sources */ = {isa = PBXBuildFile; fileRef = BBCD2B4728D2646A00C7E32A /* ProfileImageViewModel.swift */; };
		BBDBBB612885B9E8004BFEF8 /* EmailSendManager.swift in Sources */ = {isa = PBXBuildFile; fileRef = BBDBBB602885B9E8004BFEF8 /* EmailSendManager.swift */; };
		BBE36D1928D346A200AC1DF9 /* UIScreen.swift in Sources */ = {isa = PBXBuildFile; fileRef = BBE36D1828D346A200AC1DF9 /* UIScreen.swift */; };
		BBE72A922882CE0600CBDEAD /* NettyApp.swift in Sources */ = {isa = PBXBuildFile; fileRef = BBE72A912882CE0600CBDEAD /* NettyApp.swift */; };
		BBE72A962882CE0800CBDEAD /* Assets.xcassets in Resources */ = {isa = PBXBuildFile; fileRef = BBE72A952882CE0800CBDEAD /* Assets.xcassets */; };
		BBE72AB42882E96700CBDEAD /* SignUpViewModel.swift in Sources */ = {isa = PBXBuildFile; fileRef = BBE72AB32882E96700CBDEAD /* SignUpViewModel.swift */; };
		BBE72AB62882ED2200CBDEAD /* Color.swift in Sources */ = {isa = PBXBuildFile; fileRef = BBE72AB52882ED2200CBDEAD /* Color.swift */; };
		BBE9E48E2883626900775325 /* HapticManager.swift in Sources */ = {isa = PBXBuildFile; fileRef = BBE9E48D2883626900775325 /* HapticManager.swift */; };
		BBEFBFB029182492008E6DB2 /* PostModel.swift in Sources */ = {isa = PBXBuildFile; fileRef = BBEFBFAF29182492008E6DB2 /* PostModel.swift */; };
		BBEFBFB229182E2E008E6DB2 /* PostsService.swift in Sources */ = {isa = PBXBuildFile; fileRef = BBEFBFB129182E2E008E6DB2 /* PostsService.swift */; };
		BBF0375928E74C16006F89A1 /* FindUserViewModel.swift in Sources */ = {isa = PBXBuildFile; fileRef = BBF0375828E74C16006F89A1 /* FindUserViewModel.swift */; };
		BBF0375B28E74C39006F89A1 /* FindUserView.swift in Sources */ = {isa = PBXBuildFile; fileRef = BBF0375A28E74C39006F89A1 /* FindUserView.swift */; };
		BBF0375D28E74F5E006F89A1 /* UserModel.swift in Sources */ = {isa = PBXBuildFile; fileRef = BBF0375C28E74F5E006F89A1 /* UserModel.swift */; };
		BBF0375F28E75131006F89A1 /* FindUserModelService.swift in Sources */ = {isa = PBXBuildFile; fileRef = BBF0375E28E75131006F89A1 /* FindUserModelService.swift */; };
		BBF0376128E75E6B006F89A1 /* UserRow.swift in Sources */ = {isa = PBXBuildFile; fileRef = BBF0376028E75E6B006F89A1 /* UserRow.swift */; };
		BBF131CF288745880043A81E /* LogInView.swift in Sources */ = {isa = PBXBuildFile; fileRef = BBF131CE288745880043A81E /* LogInView.swift */; };
		BBF64892291C1D1D0086CB5A /* Double.swift in Sources */ = {isa = PBXBuildFile; fileRef = BBF64891291C1D1D0086CB5A /* Double.swift */; };
		BBF64894291C1D380086CB5A /* Int.swift in Sources */ = {isa = PBXBuildFile; fileRef = BBF64893291C1D380086CB5A /* Int.swift */; };
		BBF6489A291C22640086CB5A /* FollowersAndFollowingPageView.swift in Sources */ = {isa = PBXBuildFile; fileRef = BBF64899291C22640086CB5A /* FollowersAndFollowingPageView.swift */; };
		BBF6489C291C281D0086CB5A /* FollowersAndFollowingPageViewModel.swift in Sources */ = {isa = PBXBuildFile; fileRef = BBF6489B291C281D0086CB5A /* FollowersAndFollowingPageViewModel.swift */; };
		BBF6489E291C2FB80086CB5A /* UserWithFollowButtonRowView.swift in Sources */ = {isa = PBXBuildFile; fileRef = BBF6489D291C2FB80086CB5A /* UserWithFollowButtonRowView.swift */; };
/* End PBXBuildFile section */

/* Begin PBXFileReference section */
		BB10BA4B29102DD900B57CF5 /* ChatMessageModel.swift */ = {isa = PBXFileReference; lastKnownFileType = sourcecode.swift; path = ChatMessageModel.swift; sourceTree = "<group>"; };
		BB10BA4E29102E2F00B57CF5 /* Enums+structs.swift */ = {isa = PBXFileReference; lastKnownFileType = sourcecode.swift; path = "Enums+structs.swift"; sourceTree = "<group>"; };
		BB19A676288967D50042AA65 /* CloudKitManager.swift */ = {isa = PBXFileReference; lastKnownFileType = sourcecode.swift; path = CloudKitManager.swift; sourceTree = "<group>"; };
		BB1B8790290F211600F1030C /* MessageView.swift */ = {isa = PBXFileReference; lastKnownFileType = sourcecode.swift; path = MessageView.swift; sourceTree = "<group>"; };
		BB34BAC328848B1A00636BE5 /* Info.plist */ = {isa = PBXFileReference; lastKnownFileType = text.plist; path = Info.plist; sourceTree = "<group>"; };
		BB34BAC528848C6E00636BE5 /* Netty.entitlements */ = {isa = PBXFileReference; fileEncoding = 4; lastKnownFileType = text.plist.entitlements; path = Netty.entitlements; sourceTree = "<group>"; };
		BB34BAC628848E3100636BE5 /* SecureInputView.swift */ = {isa = PBXFileReference; lastKnownFileType = sourcecode.swift; path = SecureInputView.swift; sourceTree = "<group>"; };
		BB34BAC82884A52D00636BE5 /* Character.swift */ = {isa = PBXFileReference; lastKnownFileType = sourcecode.swift; path = Character.swift; sourceTree = "<group>"; };
		BB34FB0229186108004D5AB6 /* PostView.swift */ = {isa = PBXFileReference; lastKnownFileType = sourcecode.swift; path = PostView.swift; sourceTree = "<group>"; };
		BB34FB0429186174004D5AB6 /* PostViewModel.swift */ = {isa = PBXFileReference; lastKnownFileType = sourcecode.swift; path = PostViewModel.swift; sourceTree = "<group>"; };
		BB3CAA85290EE27000180E9B /* ChatView.swift */ = {isa = PBXFileReference; lastKnownFileType = sourcecode.swift; path = ChatView.swift; sourceTree = "<group>"; };
		BB3CAA87290EE28B00180E9B /* ChatViewModel.swift */ = {isa = PBXFileReference; lastKnownFileType = sourcecode.swift; path = ChatViewModel.swift; sourceTree = "<group>"; };
		BB3E64E1291D699D0054916C /* TestUser.swift */ = {isa = PBXFileReference; lastKnownFileType = sourcecode.swift; path = TestUser.swift; sourceTree = "<group>"; };
		BB4AFAAD28915606003407FB /* MainScreenView.swift */ = {isa = PBXFileReference; lastKnownFileType = sourcecode.swift; path = MainScreenView.swift; sourceTree = "<group>"; };
		BB4AFAB228915889003407FB /* DirectView.swift */ = {isa = PBXFileReference; lastKnownFileType = sourcecode.swift; path = DirectView.swift; sourceTree = "<group>"; };
		BB4AFAB7289158AE003407FB /* PrivateProfileView.swift */ = {isa = PBXFileReference; lastKnownFileType = sourcecode.swift; path = PrivateProfileView.swift; sourceTree = "<group>"; };
		BB5E1BE72919510C00A740D5 /* PostsFeed.swift */ = {isa = PBXFileReference; lastKnownFileType = sourcecode.swift; path = PostsFeed.swift; sourceTree = "<group>"; };
		BB6F2D4128CF50DD00B901BE /* ProfileSettingsView.swift */ = {isa = PBXFileReference; lastKnownFileType = sourcecode.swift; path = ProfileSettingsView.swift; sourceTree = "<group>"; };
		BB6F2D4428CF549000B901BE /* ImagePicker.swift */ = {isa = PBXFileReference; lastKnownFileType = sourcecode.swift; path = ImagePicker.swift; sourceTree = "<group>"; };
		BB7346362892BBFA00E07487 /* PrivateProfileViewModel.swift */ = {isa = PBXFileReference; lastKnownFileType = sourcecode.swift; path = PrivateProfileViewModel.swift; sourceTree = "<group>"; };
		BB73463D2892C23000E07487 /* AvatarImageService.swift */ = {isa = PBXFileReference; lastKnownFileType = sourcecode.swift; path = AvatarImageService.swift; sourceTree = "<group>"; };
		BB73463F2893054500E07487 /* CacheManager.swift */ = {isa = PBXFileReference; lastKnownFileType = sourcecode.swift; path = CacheManager.swift; sourceTree = "<group>"; };
		BB7346412893066400E07487 /* FileManager.swift */ = {isa = PBXFileReference; lastKnownFileType = sourcecode.swift; path = FileManager.swift; sourceTree = "<group>"; };
		BB81458F28CE09FF00B35A5D /* UserInfoService.swift */ = {isa = PBXFileReference; lastKnownFileType = sourcecode.swift; path = UserInfoService.swift; sourceTree = "<group>"; };
		BB81459128CE0D1300B35A5D /* LoadingAnimation.swift */ = {isa = PBXFileReference; lastKnownFileType = sourcecode.swift; path = LoadingAnimation.swift; sourceTree = "<group>"; };
		BB8E8B38291EB13100BB226D /* Date.swift */ = {isa = PBXFileReference; lastKnownFileType = sourcecode.swift; path = Date.swift; sourceTree = "<group>"; };
		BB8F9A4728F2F840009101FB /* PersonalInfoViewModel.swift */ = {isa = PBXFileReference; lastKnownFileType = sourcecode.swift; path = PersonalInfoViewModel.swift; sourceTree = "<group>"; };
		BB8F9A4928F2F8DC009101FB /* PresonalInfoPage.swift */ = {isa = PBXFileReference; lastKnownFileType = sourcecode.swift; path = PresonalInfoPage.swift; sourceTree = "<group>"; };
		BB9067FC2888137400962B21 /* HomeView.swift */ = {isa = PBXFileReference; lastKnownFileType = sourcecode.swift; path = HomeView.swift; sourceTree = "<group>"; };
		BB9068002888194A00962B21 /* LogInAndOutManager.swift */ = {isa = PBXFileReference; lastKnownFileType = sourcecode.swift; path = LogInAndOutManager.swift; sourceTree = "<group>"; };
		BB90680328881A5F00962B21 /* HomeViewModel.swift */ = {isa = PBXFileReference; lastKnownFileType = sourcecode.swift; path = HomeViewModel.swift; sourceTree = "<group>"; };
		BB97C116291AB60B002BB141 /* PrivacyAndSecurityPage.swift */ = {isa = PBXFileReference; lastKnownFileType = sourcecode.swift; path = PrivacyAndSecurityPage.swift; sourceTree = "<group>"; };
		BB97C11D291AD758002BB141 /* PublicProfileView.swift */ = {isa = PBXFileReference; lastKnownFileType = sourcecode.swift; path = PublicProfileView.swift; sourceTree = "<group>"; };
		BB97C11F291AD78A002BB141 /* PublicProfileViewModel.swift */ = {isa = PBXFileReference; lastKnownFileType = sourcecode.swift; path = PublicProfileViewModel.swift; sourceTree = "<group>"; };
		BBA71B942883024A0089D613 /* String.swift */ = {isa = PBXFileReference; lastKnownFileType = sourcecode.swift; path = String.swift; sourceTree = "<group>"; };
		BBA71B96288307390089D613 /* UIApplication.swift */ = {isa = PBXFileReference; lastKnownFileType = sourcecode.swift; path = UIApplication.swift; sourceTree = "<group>"; };
		BBA7CC23288711EF008EDEFA /* LaunchView.swift */ = {isa = PBXFileReference; lastKnownFileType = sourcecode.swift; path = LaunchView.swift; sourceTree = "<group>"; };
		BBA7CC25288714FD008EDEFA /* LaunchScreen.storyboard */ = {isa = PBXFileReference; lastKnownFileType = file.storyboard; path = LaunchScreen.storyboard; sourceTree = "<group>"; };
		BBBBF0AD28D1EF0F00FF7C65 /* DirectViewModel.swift */ = {isa = PBXFileReference; lastKnownFileType = sourcecode.swift; path = DirectViewModel.swift; sourceTree = "<group>"; };
		BBBBF0AF28D202B500FF7C65 /* ChatRowModel.swift */ = {isa = PBXFileReference; lastKnownFileType = sourcecode.swift; path = ChatRowModel.swift; sourceTree = "<group>"; };
		BBBBF0B328D22CC100FF7C65 /* ChatModelService.swift */ = {isa = PBXFileReference; lastKnownFileType = sourcecode.swift; path = ChatModelService.swift; sourceTree = "<group>"; };
		BBBD05A6288454E200F18140 /* NamePageView.swift */ = {isa = PBXFileReference; lastKnownFileType = sourcecode.swift; path = NamePageView.swift; sourceTree = "<group>"; };
		BBBD05A82884556B00F18140 /* SignUpEmailPageView.swift */ = {isa = PBXFileReference; lastKnownFileType = sourcecode.swift; path = SignUpEmailPageView.swift; sourceTree = "<group>"; };
		BBBD05AA288455FE00F18140 /* NicknamePageView.swift */ = {isa = PBXFileReference; lastKnownFileType = sourcecode.swift; path = NicknamePageView.swift; sourceTree = "<group>"; };
		BBBD05AC2884563800F18140 /* CreatePasswordPageView.swift */ = {isa = PBXFileReference; lastKnownFileType = sourcecode.swift; path = CreatePasswordPageView.swift; sourceTree = "<group>"; };
		BBBD05B0288459B200F18140 /* PasswordStrengthView.swift */ = {isa = PBXFileReference; lastKnownFileType = sourcecode.swift; path = PasswordStrengthView.swift; sourceTree = "<group>"; };
		BBC36EE128D0DD2E008D983B /* ForgotPasswordViewModel.swift */ = {isa = PBXFileReference; lastKnownFileType = sourcecode.swift; path = ForgotPasswordViewModel.swift; sourceTree = "<group>"; };
		BBC36EE328D0E810008D983B /* ForgotPasswordEmailPageView.swift */ = {isa = PBXFileReference; lastKnownFileType = sourcecode.swift; path = ForgotPasswordEmailPageView.swift; sourceTree = "<group>"; };
		BBC36EE528D0FA51008D983B /* ForgotPasswordCreatePasswordPageView.swift */ = {isa = PBXFileReference; lastKnownFileType = sourcecode.swift; path = ForgotPasswordCreatePasswordPageView.swift; sourceTree = "<group>"; };
		BBCD2B4528D2645F00C7E32A /* ProfileImageView.swift */ = {isa = PBXFileReference; lastKnownFileType = sourcecode.swift; path = ProfileImageView.swift; sourceTree = "<group>"; };
		BBCD2B4728D2646A00C7E32A /* ProfileImageViewModel.swift */ = {isa = PBXFileReference; lastKnownFileType = sourcecode.swift; path = ProfileImageViewModel.swift; sourceTree = "<group>"; };
		BBDBBB602885B9E8004BFEF8 /* EmailSendManager.swift */ = {isa = PBXFileReference; lastKnownFileType = sourcecode.swift; path = EmailSendManager.swift; sourceTree = "<group>"; };
		BBE36D1828D346A200AC1DF9 /* UIScreen.swift */ = {isa = PBXFileReference; lastKnownFileType = sourcecode.swift; path = UIScreen.swift; sourceTree = "<group>"; };
		BBE72A8E2882CE0600CBDEAD /* Netty.app */ = {isa = PBXFileReference; explicitFileType = wrapper.application; includeInIndex = 0; path = Netty.app; sourceTree = BUILT_PRODUCTS_DIR; };
		BBE72A912882CE0600CBDEAD /* NettyApp.swift */ = {isa = PBXFileReference; lastKnownFileType = sourcecode.swift; path = NettyApp.swift; sourceTree = "<group>"; };
		BBE72A952882CE0800CBDEAD /* Assets.xcassets */ = {isa = PBXFileReference; lastKnownFileType = folder.assetcatalog; path = Assets.xcassets; sourceTree = "<group>"; };
		BBE72AB32882E96700CBDEAD /* SignUpViewModel.swift */ = {isa = PBXFileReference; lastKnownFileType = sourcecode.swift; path = SignUpViewModel.swift; sourceTree = "<group>"; };
		BBE72AB52882ED2200CBDEAD /* Color.swift */ = {isa = PBXFileReference; lastKnownFileType = sourcecode.swift; path = Color.swift; sourceTree = "<group>"; };
		BBE9E48D2883626900775325 /* HapticManager.swift */ = {isa = PBXFileReference; lastKnownFileType = sourcecode.swift; path = HapticManager.swift; sourceTree = "<group>"; };
		BBEFBFAF29182492008E6DB2 /* PostModel.swift */ = {isa = PBXFileReference; lastKnownFileType = sourcecode.swift; path = PostModel.swift; sourceTree = "<group>"; };
		BBEFBFB129182E2E008E6DB2 /* PostsService.swift */ = {isa = PBXFileReference; lastKnownFileType = sourcecode.swift; path = PostsService.swift; sourceTree = "<group>"; };
		BBF0375828E74C16006F89A1 /* FindUserViewModel.swift */ = {isa = PBXFileReference; lastKnownFileType = sourcecode.swift; path = FindUserViewModel.swift; sourceTree = "<group>"; };
		BBF0375A28E74C39006F89A1 /* FindUserView.swift */ = {isa = PBXFileReference; lastKnownFileType = sourcecode.swift; path = FindUserView.swift; sourceTree = "<group>"; };
		BBF0375C28E74F5E006F89A1 /* UserModel.swift */ = {isa = PBXFileReference; lastKnownFileType = sourcecode.swift; path = UserModel.swift; sourceTree = "<group>"; };
		BBF0375E28E75131006F89A1 /* FindUserModelService.swift */ = {isa = PBXFileReference; lastKnownFileType = sourcecode.swift; path = FindUserModelService.swift; sourceTree = "<group>"; };
		BBF0376028E75E6B006F89A1 /* UserRow.swift */ = {isa = PBXFileReference; lastKnownFileType = sourcecode.swift; path = UserRow.swift; sourceTree = "<group>"; };
		BBF131CE288745880043A81E /* LogInView.swift */ = {isa = PBXFileReference; lastKnownFileType = sourcecode.swift; path = LogInView.swift; sourceTree = "<group>"; };
		BBF64891291C1D1D0086CB5A /* Double.swift */ = {isa = PBXFileReference; lastKnownFileType = sourcecode.swift; path = Double.swift; sourceTree = "<group>"; };
		BBF64893291C1D380086CB5A /* Int.swift */ = {isa = PBXFileReference; lastKnownFileType = sourcecode.swift; path = Int.swift; sourceTree = "<group>"; };
		BBF64899291C22640086CB5A /* FollowersAndFollowingPageView.swift */ = {isa = PBXFileReference; lastKnownFileType = sourcecode.swift; path = FollowersAndFollowingPageView.swift; sourceTree = "<group>"; };
		BBF6489B291C281D0086CB5A /* FollowersAndFollowingPageViewModel.swift */ = {isa = PBXFileReference; lastKnownFileType = sourcecode.swift; path = FollowersAndFollowingPageViewModel.swift; sourceTree = "<group>"; };
		BBF6489D291C2FB80086CB5A /* UserWithFollowButtonRowView.swift */ = {isa = PBXFileReference; lastKnownFileType = sourcecode.swift; path = UserWithFollowButtonRowView.swift; sourceTree = "<group>"; };
/* End PBXFileReference section */

/* Begin PBXFrameworksBuildPhase section */
		BBE72A8B2882CE0600CBDEAD /* Frameworks */ = {
			isa = PBXFrameworksBuildPhase;
			buildActionMask = 2147483647;
			files = (
			);
			runOnlyForDeploymentPostprocessing = 0;
		};
/* End PBXFrameworksBuildPhase section */

/* Begin PBXGroup section */
		BB10BA4D29102E1A00B57CF5 /* Other */ = {
			isa = PBXGroup;
			children = (
				BB10BA4E29102E2F00B57CF5 /* Enums+structs.swift */,
			);
			path = Other;
			sourceTree = "<group>";
		};
		BB34FAFF291860D6004D5AB6 /* Post */ = {
			isa = PBXGroup;
			children = (
				BB34FB01291860E2004D5AB6 /* ViewModels */,
				BB34FB00291860DF004D5AB6 /* Views */,
			);
			path = Post;
			sourceTree = "<group>";
		};
		BB34FB00291860DF004D5AB6 /* Views */ = {
			isa = PBXGroup;
			children = (
				BB34FB0229186108004D5AB6 /* PostView.swift */,
				BB5E1BE72919510C00A740D5 /* PostsFeed.swift */,
			);
			path = Views;
			sourceTree = "<group>";
		};
		BB34FB01291860E2004D5AB6 /* ViewModels */ = {
			isa = PBXGroup;
			children = (
				BB34FB0429186174004D5AB6 /* PostViewModel.swift */,
			);
			path = ViewModels;
			sourceTree = "<group>";
		};
		BB4AFAAC289155D3003407FB /* MainScreen */ = {
			isa = PBXGroup;
			children = (
				BB4AFAAD28915606003407FB /* MainScreenView.swift */,
			);
			path = MainScreen;
			sourceTree = "<group>";
		};
		BB4AFAAF2891586A003407FB /* Messages */ = {
			isa = PBXGroup;
			children = (
				BB4AFAB12891587E003407FB /* Views */,
				BB4AFAB028915878003407FB /* ViewModels */,
			);
			path = Messages;
			sourceTree = "<group>";
		};
		BB4AFAB028915878003407FB /* ViewModels */ = {
			isa = PBXGroup;
			children = (
				BBBBF0AD28D1EF0F00FF7C65 /* DirectViewModel.swift */,
				BB3CAA87290EE28B00180E9B /* ChatViewModel.swift */,
			);
			path = ViewModels;
			sourceTree = "<group>";
		};
		BB4AFAB12891587E003407FB /* Views */ = {
			isa = PBXGroup;
			children = (
				BB4AFAB228915889003407FB /* DirectView.swift */,
				BB3CAA85290EE27000180E9B /* ChatView.swift */,
				BB1B8790290F211600F1030C /* MessageView.swift */,
			);
			path = Views;
			sourceTree = "<group>";
		};
		BB4AFAB428915897003407FB /* PrivateProfile */ = {
			isa = PBXGroup;
			children = (
				BB4AFAB6289158A3003407FB /* Views */,
				BB4AFAB52891589C003407FB /* ViewModels */,
			);
			path = PrivateProfile;
			sourceTree = "<group>";
		};
		BB4AFAB52891589C003407FB /* ViewModels */ = {
			isa = PBXGroup;
			children = (
				BB7346362892BBFA00E07487 /* PrivateProfileViewModel.swift */,
				BB8F9A4728F2F840009101FB /* PersonalInfoViewModel.swift */,
			);
			path = ViewModels;
			sourceTree = "<group>";
		};
		BB4AFAB6289158A3003407FB /* Views */ = {
			isa = PBXGroup;
			children = (
				BB4AFAB7289158AE003407FB /* PrivateProfileView.swift */,
				BB81459128CE0D1300B35A5D /* LoadingAnimation.swift */,
				BBE36D1A28D34C6B00AC1DF9 /* Settings */,
			);
			path = Views;
			sourceTree = "<group>";
		};
		BB6F2D4328CF548000B901BE /* ImagePicker */ = {
			isa = PBXGroup;
			children = (
				BB6F2D4428CF549000B901BE /* ImagePicker.swift */,
			);
			path = ImagePicker;
			sourceTree = "<group>";
		};
		BB7346392892C00400E07487 /* PasswordStrongness */ = {
			isa = PBXGroup;
			children = (
				BBBD05B0288459B200F18140 /* PasswordStrengthView.swift */,
			);
			path = PasswordStrongness;
			sourceTree = "<group>";
		};
		BB73463A2892C01800E07487 /* SecureInput */ = {
			isa = PBXGroup;
			children = (
				BB34BAC628848E3100636BE5 /* SecureInputView.swift */,
			);
			path = SecureInput;
			sourceTree = "<group>";
		};
		BB9067F92888135700962B21 /* Home */ = {
			isa = PBXGroup;
			children = (
				BB90680228881A5100962B21 /* ViewModel */,
				BB9067FB2888136A00962B21 /* Views */,
			);
			path = Home;
			sourceTree = "<group>";
		};
		BB9067FB2888136A00962B21 /* Views */ = {
			isa = PBXGroup;
			children = (
				BB9067FC2888137400962B21 /* HomeView.swift */,
			);
			path = Views;
			sourceTree = "<group>";
		};
		BB90680228881A5100962B21 /* ViewModel */ = {
			isa = PBXGroup;
			children = (
				BB90680328881A5F00962B21 /* HomeViewModel.swift */,
			);
			path = ViewModel;
			sourceTree = "<group>";
		};
		BB97C119291AD72E002BB141 /* PublicProfile */ = {
			isa = PBXGroup;
			children = (
				BB97C11C291AD74A002BB141 /* ViewModel */,
				BB97C11A291AD731002BB141 /* Views */,
			);
			path = PublicProfile;
			sourceTree = "<group>";
		};
		BB97C11A291AD731002BB141 /* Views */ = {
			isa = PBXGroup;
			children = (
				BB97C11D291AD758002BB141 /* PublicProfileView.swift */,
			);
			path = Views;
			sourceTree = "<group>";
		};
		BB97C11C291AD74A002BB141 /* ViewModel */ = {
			isa = PBXGroup;
			children = (
				BB97C11F291AD78A002BB141 /* PublicProfileViewModel.swift */,
			);
			path = ViewModel;
			sourceTree = "<group>";
		};
		BBA7CC2728872E08008EDEFA /* LogIn */ = {
			isa = PBXGroup;
			children = (
				BBA7CC2828872E9C008EDEFA /* Views */,
			);
			path = LogIn;
			sourceTree = "<group>";
		};
		BBA7CC2828872E9C008EDEFA /* Views */ = {
			isa = PBXGroup;
			children = (
				BBF131CE288745880043A81E /* LogInView.swift */,
			);
			path = Views;
			sourceTree = "<group>";
		};
		BBC36EDE28D0DBAE008D983B /* ForgotPassword */ = {
			isa = PBXGroup;
			children = (
				BBC36EE028D0DBC5008D983B /* ViewModels */,
				BBC36EDF28D0DBC1008D983B /* Views */,
			);
			path = ForgotPassword;
			sourceTree = "<group>";
		};
		BBC36EDF28D0DBC1008D983B /* Views */ = {
			isa = PBXGroup;
			children = (
				BBC36EE328D0E810008D983B /* ForgotPasswordEmailPageView.swift */,
				BBC36EE528D0FA51008D983B /* ForgotPasswordCreatePasswordPageView.swift */,
			);
			path = Views;
			sourceTree = "<group>";
		};
		BBC36EE028D0DBC5008D983B /* ViewModels */ = {
			isa = PBXGroup;
			children = (
				BBC36EE128D0DD2E008D983B /* ForgotPasswordViewModel.swift */,
			);
			path = ViewModels;
			sourceTree = "<group>";
		};
		BBCD2B4428D2644F00C7E32A /* AvatarImageView */ = {
			isa = PBXGroup;
			children = (
				BBCD2B4528D2645F00C7E32A /* ProfileImageView.swift */,
				BBCD2B4728D2646A00C7E32A /* ProfileImageViewModel.swift */,
			);
			path = AvatarImageView;
			sourceTree = "<group>";
		};
		BBE36D1A28D34C6B00AC1DF9 /* Settings */ = {
			isa = PBXGroup;
			children = (
				BB6F2D4128CF50DD00B901BE /* ProfileSettingsView.swift */,
				BB8F9A4928F2F8DC009101FB /* PresonalInfoPage.swift */,
				BB97C116291AB60B002BB141 /* PrivacyAndSecurityPage.swift */,
			);
			path = Settings;
			sourceTree = "<group>";
		};
		BBE72A852882CE0600CBDEAD = {
			isa = PBXGroup;
			children = (
				BB34BAC528848C6E00636BE5 /* Netty.entitlements */,
				BBE72A902882CE0600CBDEAD /* Netty */,
				BBE72A952882CE0800CBDEAD /* Assets.xcassets */,
				BBE72A8F2882CE0600CBDEAD /* Products */,
			);
			sourceTree = "<group>";
		};
		BBE72A8F2882CE0600CBDEAD /* Products */ = {
			isa = PBXGroup;
			children = (
				BBE72A8E2882CE0600CBDEAD /* Netty.app */,
			);
			name = Products;
			sourceTree = "<group>";
		};
		BBE72A902882CE0600CBDEAD /* Netty */ = {
			isa = PBXGroup;
			children = (
				BB34BAC328848B1A00636BE5 /* Info.plist */,
				BBE72A912882CE0600CBDEAD /* NettyApp.swift */,
				BB10BA4D29102E1A00B57CF5 /* Other */,
				BBE72A9F2882CE3E00CBDEAD /* Utilities */,
				BBE72AA02882CE5100CBDEAD /* Extensions */,
				BBE72AA12882CE7100CBDEAD /* Services */,
				BBE72AA22882CE8C00CBDEAD /* Models */,
				BBE72AA32882CE9E00CBDEAD /* Core */,
			);
			path = Netty;
			sourceTree = "<group>";
		};
		BBE72A9F2882CE3E00CBDEAD /* Utilities */ = {
			isa = PBXGroup;
			children = (
				BB19A676288967D50042AA65 /* CloudKitManager.swift */,
				BBE9E48D2883626900775325 /* HapticManager.swift */,
				BBDBBB602885B9E8004BFEF8 /* EmailSendManager.swift */,
				BB9068002888194A00962B21 /* LogInAndOutManager.swift */,
				BB73463F2893054500E07487 /* CacheManager.swift */,
				BB7346412893066400E07487 /* FileManager.swift */,
			);
			path = Utilities;
			sourceTree = "<group>";
		};
		BBE72AA02882CE5100CBDEAD /* Extensions */ = {
			isa = PBXGroup;
			children = (
				BBE72AB52882ED2200CBDEAD /* Color.swift */,
				BBA71B942883024A0089D613 /* String.swift */,
				BBA71B96288307390089D613 /* UIApplication.swift */,
				BB34BAC82884A52D00636BE5 /* Character.swift */,
				BBE36D1828D346A200AC1DF9 /* UIScreen.swift */,
				BBF64891291C1D1D0086CB5A /* Double.swift */,
				BBF64893291C1D380086CB5A /* Int.swift */,
				BB8E8B38291EB13100BB226D /* Date.swift */,
			);
			path = Extensions;
			sourceTree = "<group>";
		};
		BBE72AA12882CE7100CBDEAD /* Services */ = {
			isa = PBXGroup;
			children = (
				BB73463D2892C23000E07487 /* AvatarImageService.swift */,
				BB81458F28CE09FF00B35A5D /* UserInfoService.swift */,
				BBBBF0B328D22CC100FF7C65 /* ChatModelService.swift */,
				BBF0375E28E75131006F89A1 /* FindUserModelService.swift */,
				BBEFBFB129182E2E008E6DB2 /* PostsService.swift */,
			);
			path = Services;
			sourceTree = "<group>";
		};
		BBE72AA22882CE8C00CBDEAD /* Models */ = {
			isa = PBXGroup;
			children = (
				BBBBF0AF28D202B500FF7C65 /* ChatRowModel.swift */,
				BBF0375C28E74F5E006F89A1 /* UserModel.swift */,
				BB10BA4B29102DD900B57CF5 /* ChatMessageModel.swift */,
				BBEFBFAF29182492008E6DB2 /* PostModel.swift */,
				BB3E64E1291D699D0054916C /* TestUser.swift */,
			);
			path = Models;
			sourceTree = "<group>";
		};
		BBE72AA32882CE9E00CBDEAD /* Core */ = {
			isa = PBXGroup;
			children = (
				BBF64895291C22380086CB5A /* Followers&following */,
				BB97C119291AD72E002BB141 /* PublicProfile */,
				BB34FAFF291860D6004D5AB6 /* Post */,
				BB4AFAB428915897003407FB /* PrivateProfile */,
				BB4AFAAF2891586A003407FB /* Messages */,
				BB4AFAAC289155D3003407FB /* MainScreen */,
				BB9067F92888135700962B21 /* Home */,
				BBA7CC2728872E08008EDEFA /* LogIn */,
				BBEE4E8B28870DC40024B03B /* Launch */,
				BBE72AA62882CED100CBDEAD /* Components */,
				BBC36EDE28D0DBAE008D983B /* ForgotPassword */,
				BBE72AA82882D23E00CBDEAD /* SignUp */,
			);
			path = Core;
			sourceTree = "<group>";
		};
		BBE72AA62882CED100CBDEAD /* Components */ = {
			isa = PBXGroup;
			children = (
				BBF0375628E74BF4006F89A1 /* FindUserView */,
				BBCD2B4428D2644F00C7E32A /* AvatarImageView */,
				BB6F2D4328CF548000B901BE /* ImagePicker */,
				BB73463A2892C01800E07487 /* SecureInput */,
				BB7346392892C00400E07487 /* PasswordStrongness */,
			);
			path = Components;
			sourceTree = "<group>";
		};
		BBE72AA82882D23E00CBDEAD /* SignUp */ = {
			isa = PBXGroup;
			children = (
				BBE72AA92882D25000CBDEAD /* ViewModels */,
				BBE72AAA2882D25800CBDEAD /* Views */,
			);
			path = SignUp;
			sourceTree = "<group>";
		};
		BBE72AA92882D25000CBDEAD /* ViewModels */ = {
			isa = PBXGroup;
			children = (
				BBE72AB32882E96700CBDEAD /* SignUpViewModel.swift */,
			);
			path = ViewModels;
			sourceTree = "<group>";
		};
		BBE72AAA2882D25800CBDEAD /* Views */ = {
			isa = PBXGroup;
			children = (
				BBBD05A6288454E200F18140 /* NamePageView.swift */,
				BBBD05A82884556B00F18140 /* SignUpEmailPageView.swift */,
				BBBD05AA288455FE00F18140 /* NicknamePageView.swift */,
				BBBD05AC2884563800F18140 /* CreatePasswordPageView.swift */,
			);
			path = Views;
			sourceTree = "<group>";
		};
		BBEE4E8B28870DC40024B03B /* Launch */ = {
			isa = PBXGroup;
			children = (
				BBEE4E8C28870DDA0024B03B /* Views */,
			);
			path = Launch;
			sourceTree = "<group>";
		};
		BBEE4E8C28870DDA0024B03B /* Views */ = {
			isa = PBXGroup;
			children = (
				BBA7CC23288711EF008EDEFA /* LaunchView.swift */,
				BBA7CC25288714FD008EDEFA /* LaunchScreen.storyboard */,
			);
			path = Views;
			sourceTree = "<group>";
		};
		BBF0375628E74BF4006F89A1 /* FindUserView */ = {
			isa = PBXGroup;
			children = (
				BBF0375828E74C16006F89A1 /* FindUserViewModel.swift */,
				BBF0375A28E74C39006F89A1 /* FindUserView.swift */,
				BBF0376028E75E6B006F89A1 /* UserRow.swift */,
			);
			path = FindUserView;
			sourceTree = "<group>";
		};
		BBF64895291C22380086CB5A /* Followers&following */ = {
			isa = PBXGroup;
			children = (
				BBF64898291C22520086CB5A /* ViewModel */,
				BBF64896291C22430086CB5A /* Views */,
			);
			path = "Followers&following";
			sourceTree = "<group>";
		};
		BBF64896291C22430086CB5A /* Views */ = {
			isa = PBXGroup;
			children = (
				BBF64899291C22640086CB5A /* FollowersAndFollowingPageView.swift */,
				BBF6489D291C2FB80086CB5A /* UserWithFollowButtonRowView.swift */,
			);
			path = Views;
			sourceTree = "<group>";
		};
		BBF64898291C22520086CB5A /* ViewModel */ = {
			isa = PBXGroup;
			children = (
				BBF6489B291C281D0086CB5A /* FollowersAndFollowingPageViewModel.swift */,
			);
			path = ViewModel;
			sourceTree = "<group>";
		};
/* End PBXGroup section */

/* Begin PBXNativeTarget section */
		BBE72A8D2882CE0600CBDEAD /* Netty */ = {
			isa = PBXNativeTarget;
			buildConfigurationList = BBE72A9C2882CE0800CBDEAD /* Build configuration list for PBXNativeTarget "Netty" */;
			buildPhases = (
				BBE72A8A2882CE0600CBDEAD /* Sources */,
				BBE72A8B2882CE0600CBDEAD /* Frameworks */,
				BBE72A8C2882CE0600CBDEAD /* Resources */,
			);
			buildRules = (
			);
			dependencies = (
			);
			name = Netty;
			productName = Netty;
			productReference = BBE72A8E2882CE0600CBDEAD /* Netty.app */;
			productType = "com.apple.product-type.application";
		};
/* End PBXNativeTarget section */

/* Begin PBXProject section */
		BBE72A862882CE0600CBDEAD /* Project object */ = {
			isa = PBXProject;
			attributes = {
				BuildIndependentTargetsInParallel = 1;
				LastSwiftUpdateCheck = 1400;
				LastUpgradeCheck = 1400;
				TargetAttributes = {
					BBE72A8D2882CE0600CBDEAD = {
						CreatedOnToolsVersion = 14.0;
					};
				};
			};
			buildConfigurationList = BBE72A892882CE0600CBDEAD /* Build configuration list for PBXProject "Netty" */;
			compatibilityVersion = "Xcode 14.0";
			developmentRegion = en;
			hasScannedForEncodings = 0;
			knownRegions = (
				en,
				Base,
			);
			mainGroup = BBE72A852882CE0600CBDEAD;
			productRefGroup = BBE72A8F2882CE0600CBDEAD /* Products */;
			projectDirPath = "";
			projectRoot = "";
			targets = (
				BBE72A8D2882CE0600CBDEAD /* Netty */,
			);
		};
/* End PBXProject section */

/* Begin PBXResourcesBuildPhase section */
		BBE72A8C2882CE0600CBDEAD /* Resources */ = {
			isa = PBXResourcesBuildPhase;
			buildActionMask = 2147483647;
			files = (
				BBA7CC26288714FD008EDEFA /* LaunchScreen.storyboard in Resources */,
				BBE72A962882CE0800CBDEAD /* Assets.xcassets in Resources */,
			);
			runOnlyForDeploymentPostprocessing = 0;
		};
/* End PBXResourcesBuildPhase section */

/* Begin PBXSourcesBuildPhase section */
		BBE72A8A2882CE0600CBDEAD /* Sources */ = {
			isa = PBXSourcesBuildPhase;
			buildActionMask = 2147483647;
			files = (
				BB81459028CE09FF00B35A5D /* UserInfoService.swift in Sources */,
				BB34BAC728848E3100636BE5 /* SecureInputView.swift in Sources */,
				BBA71B952883024A0089D613 /* String.swift in Sources */,
				BBBD05B1288459B200F18140 /* PasswordStrengthView.swift in Sources */,
				BBA71B97288307390089D613 /* UIApplication.swift in Sources */,
				BBF64894291C1D380086CB5A /* Int.swift in Sources */,
				BBBD05AB288455FE00F18140 /* NicknamePageView.swift in Sources */,
				BB8E8B39291EB13100BB226D /* Date.swift in Sources */,
				BBE9E48E2883626900775325 /* HapticManager.swift in Sources */,
				BBBBF0B428D22CC100FF7C65 /* ChatModelService.swift in Sources */,
				BB34FB0529186174004D5AB6 /* PostViewModel.swift in Sources */,
				BBBBF0AE28D1EF0F00FF7C65 /* DirectViewModel.swift in Sources */,
				BB4AFAB328915889003407FB /* DirectView.swift in Sources */,
				BB7346402893054500E07487 /* CacheManager.swift in Sources */,
				BBEFBFB229182E2E008E6DB2 /* PostsService.swift in Sources */,
				BB3CAA86290EE27000180E9B /* ChatView.swift in Sources */,
				BBF131CF288745880043A81E /* LogInView.swift in Sources */,
				BBCD2B4628D2645F00C7E32A /* ProfileImageView.swift in Sources */,
				BBBBF0B028D202B500FF7C65 /* ChatRowModel.swift in Sources */,
				BBC36EE228D0DD2E008D983B /* ForgotPasswordViewModel.swift in Sources */,
				BB4AFAAE28915606003407FB /* MainScreenView.swift in Sources */,
				BB3E64E2291D699D0054916C /* TestUser.swift in Sources */,
				BBEFBFB029182492008E6DB2 /* PostModel.swift in Sources */,
				BBDBBB612885B9E8004BFEF8 /* EmailSendManager.swift in Sources */,
				BBF0375B28E74C39006F89A1 /* FindUserView.swift in Sources */,
				BB8F9A4828F2F840009101FB /* PersonalInfoViewModel.swift in Sources */,
				BB5E1BE82919510C00A740D5 /* PostsFeed.swift in Sources */,
				BBF0375F28E75131006F89A1 /* FindUserModelService.swift in Sources */,
				BB6F2D4228CF50DD00B901BE /* ProfileSettingsView.swift in Sources */,
				BBF6489E291C2FB80086CB5A /* UserWithFollowButtonRowView.swift in Sources */,
				BBE36D1928D346A200AC1DF9 /* UIScreen.swift in Sources */,
				BB97C120291AD78A002BB141 /* PublicProfileViewModel.swift in Sources */,
				BBA7CC24288711EF008EDEFA /* LaunchView.swift in Sources */,
				BBF0375928E74C16006F89A1 /* FindUserViewModel.swift in Sources */,
				BBCD2B4828D2646A00C7E32A /* ProfileImageViewModel.swift in Sources */,
				BB34BAC92884A52D00636BE5 /* Character.swift in Sources */,
				BB81459228CE0D1300B35A5D /* LoadingAnimation.swift in Sources */,
				BBF6489A291C22640086CB5A /* FollowersAndFollowingPageView.swift in Sources */,
				BB19A677288967D50042AA65 /* CloudKitManager.swift in Sources */,
				BB7346372892BBFA00E07487 /* PrivateProfileViewModel.swift in Sources */,
				BB10BA4C29102DD900B57CF5 /* ChatMessageModel.swift in Sources */,
				BBF0376128E75E6B006F89A1 /* UserRow.swift in Sources */,
				BB9067FD2888137400962B21 /* HomeView.swift in Sources */,
				BB6F2D4528CF549000B901BE /* ImagePicker.swift in Sources */,
				BB73463E2892C23000E07487 /* AvatarImageService.swift in Sources */,
				BBE72AB42882E96700CBDEAD /* SignUpViewModel.swift in Sources */,
				BB4AFAB8289158AE003407FB /* PrivateProfileView.swift in Sources */,
				BB7346422893066400E07487 /* FileManager.swift in Sources */,
				BB3CAA88290EE28B00180E9B /* ChatViewModel.swift in Sources */,
				BB1B8791290F211600F1030C /* MessageView.swift in Sources */,
				BBBD05AD2884563800F18140 /* CreatePasswordPageView.swift in Sources */,
				BB34FB0329186108004D5AB6 /* PostView.swift in Sources */,
				BBF0375D28E74F5E006F89A1 /* UserModel.swift in Sources */,
				BBF64892291C1D1D0086CB5A /* Double.swift in Sources */,
				BB97C11E291AD758002BB141 /* PublicProfileView.swift in Sources */,
				BBE72AB62882ED2200CBDEAD /* Color.swift in Sources */,
				BB90680428881A5F00962B21 /* HomeViewModel.swift in Sources */,
				BBBD05A92884556B00F18140 /* SignUpEmailPageView.swift in Sources */,
				BBBD05A7288454E200F18140 /* NamePageView.swift in Sources */,
				BB97C117291AB60B002BB141 /* PrivacyAndSecurityPage.swift in Sources */,
				BB9068012888194A00962B21 /* LogInAndOutManager.swift in Sources */,
				BBC36EE628D0FA51008D983B /* ForgotPasswordCreatePasswordPageView.swift in Sources */,
				BBC36EE428D0E810008D983B /* ForgotPasswordEmailPageView.swift in Sources */,
				BB8F9A4A28F2F8DC009101FB /* PresonalInfoPage.swift in Sources */,
				BBF6489C291C281D0086CB5A /* FollowersAndFollowingPageViewModel.swift in Sources */,
				BBE72A922882CE0600CBDEAD /* NettyApp.swift in Sources */,
				BB10BA4F29102E2F00B57CF5 /* Enums+structs.swift in Sources */,
			);
			runOnlyForDeploymentPostprocessing = 0;
		};
/* End PBXSourcesBuildPhase section */

/* Begin XCBuildConfiguration section */
		BBE72A9A2882CE0800CBDEAD /* Debug */ = {
			isa = XCBuildConfiguration;
			buildSettings = {
				ALWAYS_SEARCH_USER_PATHS = NO;
				CLANG_ANALYZER_NONNULL = YES;
				CLANG_ANALYZER_NUMBER_OBJECT_CONVERSION = YES_AGGRESSIVE;
				CLANG_CXX_LANGUAGE_STANDARD = "gnu++20";
				CLANG_ENABLE_MODULES = YES;
				CLANG_ENABLE_OBJC_ARC = YES;
				CLANG_ENABLE_OBJC_WEAK = YES;
				CLANG_WARN_BLOCK_CAPTURE_AUTORELEASING = YES;
				CLANG_WARN_BOOL_CONVERSION = YES;
				CLANG_WARN_COMMA = YES;
				CLANG_WARN_CONSTANT_CONVERSION = YES;
				CLANG_WARN_DEPRECATED_OBJC_IMPLEMENTATIONS = YES;
				CLANG_WARN_DIRECT_OBJC_ISA_USAGE = YES_ERROR;
				CLANG_WARN_DOCUMENTATION_COMMENTS = YES;
				CLANG_WARN_EMPTY_BODY = YES;
				CLANG_WARN_ENUM_CONVERSION = YES;
				CLANG_WARN_INFINITE_RECURSION = YES;
				CLANG_WARN_INT_CONVERSION = YES;
				CLANG_WARN_NON_LITERAL_NULL_CONVERSION = YES;
				CLANG_WARN_OBJC_IMPLICIT_RETAIN_SELF = YES;
				CLANG_WARN_OBJC_LITERAL_CONVERSION = YES;
				CLANG_WARN_OBJC_ROOT_CLASS = YES_ERROR;
				CLANG_WARN_QUOTED_INCLUDE_IN_FRAMEWORK_HEADER = YES;
				CLANG_WARN_RANGE_LOOP_ANALYSIS = YES;
				CLANG_WARN_STRICT_PROTOTYPES = YES;
				CLANG_WARN_SUSPICIOUS_MOVE = YES;
				CLANG_WARN_UNGUARDED_AVAILABILITY = YES_AGGRESSIVE;
				CLANG_WARN_UNREACHABLE_CODE = YES;
				CLANG_WARN__DUPLICATE_METHOD_MATCH = YES;
				COPY_PHASE_STRIP = NO;
				DEBUG_INFORMATION_FORMAT = dwarf;
				ENABLE_STRICT_OBJC_MSGSEND = YES;
				ENABLE_TESTABILITY = YES;
				GCC_C_LANGUAGE_STANDARD = gnu11;
				GCC_DYNAMIC_NO_PIC = NO;
				GCC_NO_COMMON_BLOCKS = YES;
				GCC_OPTIMIZATION_LEVEL = 0;
				GCC_PREPROCESSOR_DEFINITIONS = (
					"DEBUG=1",
					"$(inherited)",
				);
				GCC_WARN_64_TO_32_BIT_CONVERSION = YES;
				GCC_WARN_ABOUT_RETURN_TYPE = YES_ERROR;
				GCC_WARN_UNDECLARED_SELECTOR = YES;
				GCC_WARN_UNINITIALIZED_AUTOS = YES_AGGRESSIVE;
				GCC_WARN_UNUSED_FUNCTION = YES;
				GCC_WARN_UNUSED_VARIABLE = YES;
				IPHONEOS_DEPLOYMENT_TARGET = 16.1;
				MTL_ENABLE_DEBUG_INFO = INCLUDE_SOURCE;
				MTL_FAST_MATH = YES;
				ONLY_ACTIVE_ARCH = YES;
				SDKROOT = iphoneos;
				SWIFT_ACTIVE_COMPILATION_CONDITIONS = DEBUG;
				SWIFT_OPTIMIZATION_LEVEL = "-Onone";
			};
			name = Debug;
		};
		BBE72A9B2882CE0800CBDEAD /* Release */ = {
			isa = XCBuildConfiguration;
			buildSettings = {
				ALWAYS_SEARCH_USER_PATHS = NO;
				CLANG_ANALYZER_NONNULL = YES;
				CLANG_ANALYZER_NUMBER_OBJECT_CONVERSION = YES_AGGRESSIVE;
				CLANG_CXX_LANGUAGE_STANDARD = "gnu++20";
				CLANG_ENABLE_MODULES = YES;
				CLANG_ENABLE_OBJC_ARC = YES;
				CLANG_ENABLE_OBJC_WEAK = YES;
				CLANG_WARN_BLOCK_CAPTURE_AUTORELEASING = YES;
				CLANG_WARN_BOOL_CONVERSION = YES;
				CLANG_WARN_COMMA = YES;
				CLANG_WARN_CONSTANT_CONVERSION = YES;
				CLANG_WARN_DEPRECATED_OBJC_IMPLEMENTATIONS = YES;
				CLANG_WARN_DIRECT_OBJC_ISA_USAGE = YES_ERROR;
				CLANG_WARN_DOCUMENTATION_COMMENTS = YES;
				CLANG_WARN_EMPTY_BODY = YES;
				CLANG_WARN_ENUM_CONVERSION = YES;
				CLANG_WARN_INFINITE_RECURSION = YES;
				CLANG_WARN_INT_CONVERSION = YES;
				CLANG_WARN_NON_LITERAL_NULL_CONVERSION = YES;
				CLANG_WARN_OBJC_IMPLICIT_RETAIN_SELF = YES;
				CLANG_WARN_OBJC_LITERAL_CONVERSION = YES;
				CLANG_WARN_OBJC_ROOT_CLASS = YES_ERROR;
				CLANG_WARN_QUOTED_INCLUDE_IN_FRAMEWORK_HEADER = YES;
				CLANG_WARN_RANGE_LOOP_ANALYSIS = YES;
				CLANG_WARN_STRICT_PROTOTYPES = YES;
				CLANG_WARN_SUSPICIOUS_MOVE = YES;
				CLANG_WARN_UNGUARDED_AVAILABILITY = YES_AGGRESSIVE;
				CLANG_WARN_UNREACHABLE_CODE = YES;
				CLANG_WARN__DUPLICATE_METHOD_MATCH = YES;
				COPY_PHASE_STRIP = NO;
				DEBUG_INFORMATION_FORMAT = "dwarf-with-dsym";
				ENABLE_NS_ASSERTIONS = NO;
				ENABLE_STRICT_OBJC_MSGSEND = YES;
				GCC_C_LANGUAGE_STANDARD = gnu11;
				GCC_NO_COMMON_BLOCKS = YES;
				GCC_WARN_64_TO_32_BIT_CONVERSION = YES;
				GCC_WARN_ABOUT_RETURN_TYPE = YES_ERROR;
				GCC_WARN_UNDECLARED_SELECTOR = YES;
				GCC_WARN_UNINITIALIZED_AUTOS = YES_AGGRESSIVE;
				GCC_WARN_UNUSED_FUNCTION = YES;
				GCC_WARN_UNUSED_VARIABLE = YES;
				IPHONEOS_DEPLOYMENT_TARGET = 16.1;
				MTL_ENABLE_DEBUG_INFO = NO;
				MTL_FAST_MATH = YES;
				SDKROOT = iphoneos;
				SWIFT_COMPILATION_MODE = wholemodule;
				SWIFT_OPTIMIZATION_LEVEL = "-O";
				VALIDATE_PRODUCT = YES;
			};
			name = Release;
		};
		BBE72A9D2882CE0800CBDEAD /* Debug */ = {
			isa = XCBuildConfiguration;
			buildSettings = {
				ASSETCATALOG_COMPILER_APPICON_NAME = AppIcon;
				ASSETCATALOG_COMPILER_GLOBAL_ACCENT_COLOR_NAME = AccentColor;
				ASSETCATALOG_COMPILER_INCLUDE_ALL_APPICON_ASSETS = YES;
				CODE_SIGN_ENTITLEMENTS = Netty/Netty.entitlements;
				CODE_SIGN_STYLE = Automatic;
				CURRENT_PROJECT_VERSION = 1;
				DEVELOPMENT_ASSET_PATHS = "\"Netty\"";
				DEVELOPMENT_TEAM = VFJ7656544;
				ENABLE_PREVIEWS = YES;
				GENERATE_INFOPLIST_FILE = YES;
				INFOPLIST_FILE = Netty/Info.plist;
				INFOPLIST_KEY_CFBundleDisplayName = Netty;
				INFOPLIST_KEY_LSApplicationCategoryType = "public.app-category.social-networking";
				INFOPLIST_KEY_NSCameraUsageDescription = "We need access to your camera to create an avatar";
				INFOPLIST_KEY_UIApplicationSceneManifest_Generation = YES;
				INFOPLIST_KEY_UIApplicationSupportsIndirectInputEvents = YES;
				INFOPLIST_KEY_UILaunchScreen_Generation = YES;
				INFOPLIST_KEY_UILaunchStoryboardName = LaunchScreen.storyboard;
				INFOPLIST_KEY_UIRequiresFullScreen = YES;
				INFOPLIST_KEY_UISupportedInterfaceOrientations = UIInterfaceOrientationPortrait;
				IPHONEOS_DEPLOYMENT_TARGET = 16.1;
				LD_RUNPATH_SEARCH_PATHS = (
					"$(inherited)",
					"@executable_path/Frameworks",
				);
				MARKETING_VERSION = 0.1.0;
				PRODUCT_BUNDLE_IDENTIFIER = stuffeddanny.Netty;
				PRODUCT_NAME = "$(TARGET_NAME)";
				SUPPORTED_PLATFORMS = "iphoneos iphonesimulator";
				SUPPORTS_MACCATALYST = NO;
				SUPPORTS_MAC_DESIGNED_FOR_IPHONE_IPAD = NO;
				SWIFT_EMIT_LOC_STRINGS = YES;
				SWIFT_VERSION = 5.0;
				TARGETED_DEVICE_FAMILY = "1,2";
			};
			name = Debug;
		};
		BBE72A9E2882CE0800CBDEAD /* Release */ = {
			isa = XCBuildConfiguration;
			buildSettings = {
				ASSETCATALOG_COMPILER_APPICON_NAME = AppIcon;
				ASSETCATALOG_COMPILER_GLOBAL_ACCENT_COLOR_NAME = AccentColor;
				ASSETCATALOG_COMPILER_INCLUDE_ALL_APPICON_ASSETS = YES;
				CODE_SIGN_ENTITLEMENTS = Netty/Netty.entitlements;
				CODE_SIGN_STYLE = Automatic;
				CURRENT_PROJECT_VERSION = 1;
				DEVELOPMENT_ASSET_PATHS = "\"Netty\"";
				DEVELOPMENT_TEAM = VFJ7656544;
				ENABLE_PREVIEWS = YES;
				GENERATE_INFOPLIST_FILE = YES;
				INFOPLIST_FILE = Netty/Info.plist;
				INFOPLIST_KEY_CFBundleDisplayName = Netty;
				INFOPLIST_KEY_LSApplicationCategoryType = "public.app-category.social-networking";
				INFOPLIST_KEY_NSCameraUsageDescription = "We need access to your camera to create an avatar";
				INFOPLIST_KEY_UIApplicationSceneManifest_Generation = YES;
				INFOPLIST_KEY_UIApplicationSupportsIndirectInputEvents = YES;
				INFOPLIST_KEY_UILaunchScreen_Generation = YES;
				INFOPLIST_KEY_UILaunchStoryboardName = LaunchScreen.storyboard;
				INFOPLIST_KEY_UIRequiresFullScreen = YES;
				INFOPLIST_KEY_UISupportedInterfaceOrientations = UIInterfaceOrientationPortrait;
				IPHONEOS_DEPLOYMENT_TARGET = 16.1;
				LD_RUNPATH_SEARCH_PATHS = (
					"$(inherited)",
					"@executable_path/Frameworks",
				);
				MARKETING_VERSION = 0.1.0;
				PRODUCT_BUNDLE_IDENTIFIER = stuffeddanny.Netty;
				PRODUCT_NAME = "$(TARGET_NAME)";
				SUPPORTED_PLATFORMS = "iphoneos iphonesimulator";
				SUPPORTS_MACCATALYST = NO;
				SUPPORTS_MAC_DESIGNED_FOR_IPHONE_IPAD = NO;
				SWIFT_EMIT_LOC_STRINGS = YES;
				SWIFT_VERSION = 5.0;
				TARGETED_DEVICE_FAMILY = "1,2";
			};
			name = Release;
		};
/* End XCBuildConfiguration section */

/* Begin XCConfigurationList section */
		BBE72A892882CE0600CBDEAD /* Build configuration list for PBXProject "Netty" */ = {
			isa = XCConfigurationList;
			buildConfigurations = (
				BBE72A9A2882CE0800CBDEAD /* Debug */,
				BBE72A9B2882CE0800CBDEAD /* Release */,
			);
			defaultConfigurationIsVisible = 0;
			defaultConfigurationName = Release;
		};
		BBE72A9C2882CE0800CBDEAD /* Build configuration list for PBXNativeTarget "Netty" */ = {
			isa = XCConfigurationList;
			buildConfigurations = (
				BBE72A9D2882CE0800CBDEAD /* Debug */,
				BBE72A9E2882CE0800CBDEAD /* Release */,
			);
			defaultConfigurationIsVisible = 0;
			defaultConfigurationName = Release;
		};
/* End XCConfigurationList section */
	};
	rootObject = BBE72A862882CE0600CBDEAD /* Project object */;
}
